{
  "nodes": {
    "darwin-aarch-src": {
      "flake": false,
      "locked": {
        "narHash": "sha256-WPcybhApAhHbRamMQLa5v2lpkW/QM/GJY72U/Um/PjM=",
        "type": "file",
        "url": "https://github.com/imputnet/helium-macos/releases/download/0.7.5.1/helium_0.7.5.1_arm64-macos.dmg"
      },
      "original": {
        "type": "file",
        "url": "https://github.com/imputnet/helium-macos/releases/download/0.7.5.1/helium_0.7.5.1_arm64-macos.dmg"
      }
    },
    "darwin-x86-src": {
      "flake": false,
      "locked": {
        "narHash": "sha256-pz1+QjqorfrDRNkNCkGautu45rlyKxXuMHcFPCOxHno=",
        "type": "file",
        "url": "https://github.com/imputnet/helium-macos/releases/download/0.7.5.1/helium_0.7.5.1_x86_64-macos.dmg"
      },
      "original": {
        "type": "file",
        "url": "https://github.com/imputnet/helium-macos/releases/download/0.7.5.1/helium_0.7.5.1_x86_64-macos.dmg"
      }
    },
    "dms-plugin-registry": {
      "inputs": {
        "nixpkgs": [
          "nixpkgs"
        ]
      },
      "locked": {
        "lastModified": 1770081382,
        "narHash": "sha256-h//IrUe/oS2z038UJg7NWt/8W8J2dXBWIk0uFw4d3Lo=",
        "owner": "AvengeMedia",
        "repo": "dms-plugin-registry",
        "rev": "55876a6a9f6bd00b699091dac2e3efe466825ef6",
        "type": "github"
      },
      "original": {
        "owner": "AvengeMedia",
        "repo": "dms-plugin-registry",
        "type": "github"
      }
    },
    "firefox-addons": {
      "inputs": {
        "nixpkgs": [
          "nixpkgs"
        ]
      },
      "locked": {
        "dir": "pkgs/firefox-addons",
        "lastModified": 1770091431,
        "narHash": "sha256-9Sqq/hxq8ZDLRSzu+edn0OfWG+FAPWFpwMKaJobeLec=",
        "owner": "rycee",
        "repo": "nur-expressions",
        "rev": "4f827ff035c6ddc58d04c45abe5b777d356b926a",
        "type": "gitlab"
      },
      "original": {
        "dir": "pkgs/firefox-addons",
        "owner": "rycee",
        "repo": "nur-expressions",
        "type": "gitlab"
      }
    },
    "helium-browser": {
      "inputs": {
        "darwin-aarch-src": "darwin-aarch-src",
        "darwin-x86-src": "darwin-x86-src",
        "linux-aarch-src": "linux-aarch-src",
        "linux-x86-src": "linux-x86-src",
        "nixpkgs": "nixpkgs"
      },
      "locked": {
        "lastModified": 1765913362,
        "narHash": "sha256-rBhQH+gIBo5U+nf9nrnaqGTzlsxpRWn2h7iEGb3G7ZI=",
        "owner": "invra",
        "repo": "helium",
        "rev": "96afab61e4a181fb000d59c940bcda285fd7c010",
        "type": "gitlab"
      },
      "original": {
        "owner": "invra",
        "repo": "helium",
        "type": "gitlab"
      }
    },
    "home-manager": {
      "inputs": {
        "nixpkgs": [
          "nixpkgs"
        ]
      },
      "locked": {
        "lastModified": 1770310759,
        "narHash": "sha256-KsoavnriDUjaEP0x77JC19E9ehiVjThy/Jvno3FwNdE=",
        "owner": "nix-community",
        "repo": "home-manager",
        "rev": "332027bc0ac95d230b8c680dcc44e56f9a3c9339",
        "type": "github"
      },
      "original": {
        "owner": "nix-community",
        "ref": "master",
        "repo": "home-manager",
        "type": "github"
      }
    },
    "home-manager_2": {
      "inputs": {
        "nixpkgs": [
          "zen-browser",
          "nixpkgs"
        ]
      },
      "locked": {
        "lastModified": 1769872935,
        "narHash": "sha256-07HMIGQ/WJeAQJooA7Kkg1SDKxhAiV6eodvOwTX6WKI=",
        "owner": "nix-community",
        "repo": "home-manager",
        "rev": "f4ad5068ee8e89e4a7c2e963e10dd35cd77b37b7",
        "type": "github"
      },
      "original": {
        "owner": "nix-community",
        "repo": "home-manager",
        "type": "github"
      }
    },
    "linux-aarch-src": {
      "flake": false,
      "locked": {
        "narHash": "sha256-UvE2OPGvbkep9BPJ7mcEbSt47luIsYJRQlQTV9UYKbw=",
        "type": "file",
        "url": "https://github.com/imputnet/helium-linux/releases/download/0.7.5.1/helium-0.7.5.1-arm64.AppImage"
      },
      "original": {
        "type": "file",
        "url": "https://github.com/imputnet/helium-linux/releases/download/0.7.5.1/helium-0.7.5.1-arm64.AppImage"
      }
    },
    "linux-x86-src": {
      "flake": false,
      "locked": {
        "narHash": "sha256-6xzcXs/Ec7filuzynh7qjS47HliVu2hFzg5Ql0+r1Jk=",
        "type": "file",
        "url": "https://github.com/imputnet/helium-linux/releases/download/0.7.5.1/helium-0.7.5.1-x86_64.AppImage"
      },
      "original": {
        "type": "file",
        "url": "https://github.com/imputnet/helium-linux/releases/download/0.7.5.1/helium-0.7.5.1-x86_64.AppImage"
      }
    },
    "nixpkgs": {
      "locked": {
        "lastModified": 1765472234,
        "narHash": "sha256-9VvC20PJPsleGMewwcWYKGzDIyjckEz8uWmT0vCDYK0=",
        "owner": "nixos",
        "repo": "nixpkgs",
        "rev": "2fbfb1d73d239d2402a8fe03963e37aab15abe8b",
        "type": "github"
      },
      "original": {
        "owner": "nixos",
        "ref": "nixos-unstable",
        "repo": "nixpkgs",
        "type": "github"
      }
    },
    "nixpkgs_2": {
      "locked": {
        "lastModified": 1770019141,
        "narHash": "sha256-VKS4ZLNx4PNrABoB0L8KUpc1fE7CLpQXQs985tGfaCU=",
        "owner": "NixOS",
        "repo": "nixpkgs",
        "rev": "cb369ef2efd432b3cdf8622b0ffc0a97a02f3137",
        "type": "github"
      },
      "original": {
        "owner": "NixOS",
        "ref": "nixos-unstable",
        "repo": "nixpkgs",
        "type": "github"
      }
    },
    "quickshell": {
      "inputs": {
        "nixpkgs": [
          "nixpkgs"
        ]
      },
      "locked": {
        "lastModified": 1769593411,
        "narHash": "sha256-WW00FaBiUmQyxvSbefvgxIjwf/WmRrEGBbwMHvW/7uQ=",
        "ref": "refs/heads/master",
        "rev": "1e4d804e7f3fa7465811030e8da2bf10d544426a",
        "revCount": 732,
        "type": "git",
        "url": "https://git.outfoxxed.me/quickshell/quickshell"
      },
      "original": {
        "type": "git",
        "url": "https://git.outfoxxed.me/quickshell/quickshell"
      }
    },
    "root": {
      "inputs": {
        "dms-plugin-registry": "dms-plugin-registry",
        "firefox-addons": "firefox-addons",
        "helium-browser": "helium-browser",
        "home-manager": "home-manager",
        "nixpkgs": "nixpkgs_2",
        "quickshell": "quickshell",
        "zen-browser": "zen-browser"
      }
    },
    "zen-browser": {
      "inputs": {
        "home-manager": "home-manager_2",
        "nixpkgs": [
          "nixpkgs"
        ]
      },
      "locked": {
        "lastModified": 1770084720,
        "narHash": "sha256-sJ5y8Pf7YgIHTXpG2lSEVUR+p4ElNoUtG+D7KwIv+Qg=",
        "owner": "0xc000022070",
        "repo": "zen-browser-flake",
        "rev": "5001ef6256122be3f15056427f20858429e9c10c",
        "type": "github"
      },
      "original": {
        "owner": "0xc000022070",
        "repo": "zen-browser-flake",
        "type": "github"
      }
    }
  },
  "root": "root",
  "version": 7
}
