{
  "nodes": {
    "agent-skills-nix": {
      "inputs": {
        "home-manager": "home-manager",
        "nixpkgs": [
          "nixpkgs"
        ]
      },
      "locked": {
        "lastModified": 1772640663,
        "narHash": "sha256-apWnei/2LGgJ247h4WpPQsGooWot4I3CX2PzPsXGx3A=",
        "owner": "Kyure-A",
        "repo": "agent-skills-nix",
        "rev": "0e74b9e4b998807c21ab7ac49d00074aee5df96c",
        "type": "github"
      },
      "original": {
        "owner": "Kyure-A",
        "repo": "agent-skills-nix",
        "type": "github"
      }
    },
    "home-manager": {
      "inputs": {
        "nixpkgs": [
          "agent-skills-nix",
          "nixpkgs"
        ]
      },
      "locked": {
        "lastModified": 1772380461,
        "narHash": "sha256-O3ukj3Bb3V0Tiy/4LUfLlBpWypJ9P0JeUgsKl2nmZZY=",
        "owner": "nix-community",
        "repo": "home-manager",
        "rev": "f140aa04d7d14f8a50ab27f3691b5766b17ae961",
        "type": "github"
      },
      "original": {
        "owner": "nix-community",
        "repo": "home-manager",
        "type": "github"
      }
    },
    "impeccable": {
      "flake": false,
      "locked": {
        "lastModified": 1781050079,
        "narHash": "sha256-tIZdChx0Ia/bdT5xVHPHQ7neBVW4ru8AdxpHlRbgelA=",
        "owner": "pbakaus",
        "repo": "impeccable",
        "rev": "1863a44b23bfcf28e5990c0068a0603995ab1e29",
        "type": "github"
      },
      "original": {
        "owner": "pbakaus",
        "repo": "impeccable",
        "type": "github"
      }
    },
    "nix-best-practices": {
      "flake": false,
      "locked": {
        "lastModified": 1773779888,
        "narHash": "sha256-esW6OcYg7RsLG2GGZlYFn5bNLYYP5jWSiSqhSKcZUfw=",
        "owner": "0xbigboss",
        "repo": "claude-code",
        "rev": "66b1293be793098c49d25126ec8e6400dbfae22b",
        "type": "github"
      },
      "original": {
        "owner": "0xbigboss",
        "repo": "claude-code",
        "type": "github"
      }
    },
    "nixpkgs": {
      "locked": {
        "lastModified": 1780749050,
        "narHash": "sha256-3av0pIjlOWQ6rDbNOmpUSvbNnJkGORQKKjb4LtCZsIY=",
        "owner": "NixOS",
        "repo": "nixpkgs",
        "rev": "a799d3e3886da994fa307f817a6bc705ae538eeb",
        "type": "github"
      },
      "original": {
        "owner": "NixOS",
        "ref": "nixos-unstable",
        "repo": "nixpkgs",
        "type": "github"
      }
    },
    "pi-config": {
      "flake": false,
      "locked": {
        "lastModified": 1777374992,
        "narHash": "sha256-winYKbsHYE0j+rOpHVaR6zJDSLtisNOhFZUFzjApSWA=",
        "owner": "amosblomqvist",
        "repo": "pi-config",
        "rev": "575a0a5261ada93cf09189ebd59a508040f866f9",
        "type": "github"
      },
      "original": {
        "owner": "amosblomqvist",
        "repo": "pi-config",
        "type": "github"
      }
    },
    "root": {
      "inputs": {
        "agent-skills-nix": "agent-skills-nix",
        "impeccable": "impeccable",
        "nix-best-practices": "nix-best-practices",
        "nixpkgs": "nixpkgs",
        "pi-config": "pi-config"
      }
    }
  },
  "root": "root",
  "version": 7
}
